Microsoft Visual Studio Solution File, Format Version 12.00
# Visual Studio Version 17
VisualStudioVersion = 17.5.2.0
MinimumVisualStudioVersion = 10.0.40219.1
Project("{2150E333-8FDC-42A3-9474-1A3956D46DE8}") = "src", "src", "{827E0CD3-B72D-47B6-A68D-7590B98EB39B}"
EndProject
Project("{2150E333-8FDC-42A3-9474-1A3956D46DE8}") = "temp", "temp", "{29F3AA1B-6D75-C75D-9183-749A65CD24A7}"
EndProject
Project("{2150E333-8FDC-42A3-9474-1A3956D46DE8}") = "tests", "tests", "{0AB3BF05-4346-4AA6-1389-037BE0695223}"
EndProject
Project("{FAE04EC0-301F-11D3-BF4B-00C04F79EFBC}") = "GitGen", "src\GitGen\GitGen.csproj", "{F8DBBC64-07DD-02C8-9CA2-4EA09DA9FB58}"
EndProject
Project("{FAE04EC0-301F-11D3-BF4B-00C04F79EFBC}") = "testuri", "temp\testuri\testuri.csproj", "{4242A835-466E-1387-F271-BD5538DB810B}"
EndProject
Project("{FAE04EC0-301F-11D3-BF4B-00C04F79EFBC}") = "GitGen.Tests", "tests\GitGen.Tests\GitGen.Tests.csproj", "{702B32A5-4638-D2B2-B175-915AE9F9D818}"
EndProject
Global
	GlobalSection(SolutionConfigurationPlatforms) = preSolution
		Debug|Any CPU = Debug|Any CPU
		Release|Any CPU = Release|Any CPU
	EndGlobalSection
	GlobalSection(ProjectConfigurationPlatforms) = postSolution
		{F8DBBC64-07DD-02C8-9CA2-4EA09DA9FB58}.Debug|Any CPU.ActiveCfg = Debug|Any CPU
		{F8DBBC64-07DD-02C8-9CA2-4EA09DA9FB58}.Debug|Any CPU.Build.0 = Debug|Any CPU
		{F8DBBC64-07DD-02C8-9CA2-4EA09DA9FB58}.Release|Any CPU.ActiveCfg = Release|Any CPU
		{F8DBBC64-07DD-02C8-9CA2-4EA09DA9FB58}.Release|Any CPU.Build.0 = Release|Any CPU
		{4242A835-466E-1387-F271-BD5538DB810B}.Debug|Any CPU.ActiveCfg = Debug|Any CPU
		{4242A835-466E-1387-F271-BD5538DB810B}.Debug|Any CPU.Build.0 = Debug|Any CPU
		{4242A835-466E-1387-F271-BD5538DB810B}.Release|Any CPU.ActiveCfg = Release|Any CPU
		{4242A835-466E-1387-F271-BD5538DB810B}.Release|Any CPU.Build.0 = Release|Any CPU
		{702B32A5-4638-D2B2-B175-915AE9F9D818}.Debug|Any CPU.ActiveCfg = Debug|Any CPU
		{702B32A5-4638-D2B2-B175-915AE9F9D818}.Debug|Any CPU.Build.0 = Debug|Any CPU
		{702B32A5-4638-D2B2-B175-915AE9F9D818}.Release|Any CPU.ActiveCfg = Release|Any CPU
		{702B32A5-4638-D2B2-B175-915AE9F9D818}.Release|Any CPU.Build.0 = Release|Any CPU
	EndGlobalSection
	GlobalSection(SolutionProperties) = preSolution
		HideSolutionNode = FALSE
	EndGlobalSection
	GlobalSection(NestedProjects) = preSolution
		{F8DBBC64-07DD-02C8-9CA2-4EA09DA9FB58} = {827E0CD3-B72D-47B6-A68D-7590B98EB39B}
		{4242A835-466E-1387-F271-BD5538DB810B} = {29F3AA1B-6D75-C75D-9183-749A65CD24A7}
		{702B32A5-4638-D2B2-B175-915AE9F9D818} = {0AB3BF05-4346-4AA6-1389-037BE0695223}
	EndGlobalSection
	GlobalSection(ExtensibilityGlobals) = postSolution
		SolutionGuid = {1273C44A-13E9-4345-8C69-7163F35E637E}
	EndGlobalSection
EndGlobal
